
Microsoft Visual Studio Solution File, Format Version 12.00
# Visual Studio 2012
Project("{8BC9CEB8-8B4A-11D0-8D11-00A0C91BC942}") = "XiangGuHuaJi", "XiangGuHuaJi\XiangGuHuaJi.vcxproj", "{C0BD96C8-E0AA-4521-8F58-E8512266E268}"
	ProjectSection(ProjectDependencies) = postProject
		{497B78A8-5A26-4837-BFFE-65D95E1B14C2} = {497B78A8-5A26-4837-BFFE-65D95E1B14C2}
	EndProjectSection
EndProject
Project("{FAE04EC0-301F-11D3-BF4B-00C04F79EFBC}") = "WorldEditor", "WorldEditor\WorldEditor.csproj", "{7F52032D-5031-4BD8-A52C-0A1D1B64647E}"
EndProject
Project("{8BC9CEB8-8B4A-11D0-8D11-00A0C91BC942}") = "TestAi", "TestAi\TestAi.vcxproj", "{7A95DCFC-C2E2-4747-A7E4-76CE6A1FD719}"
EndProject
Project("{8BC9CEB8-8B4A-11D0-8D11-00A0C91BC942}") = "Jsoncpp", "Jsoncpp\Jsoncpp.vcxproj", "{497B78A8-5A26-4837-BFFE-65D95E1B14C2}"
EndProject
Global
	GlobalSection(SolutionConfigurationPlatforms) = preSolution
		Debug|Any CPU = Debug|Any CPU
		Debug|Mixed Platforms = Debug|Mixed Platforms
		Debug|Win32 = Debug|Win32
		Release|Any CPU = Release|Any CPU
		Release|Mixed Platforms = Release|Mixed Platforms
		Release|Win32 = Release|Win32
	EndGlobalSection
	GlobalSection(ProjectConfigurationPlatforms) = postSolution
		{C0BD96C8-E0AA-4521-8F58-E8512266E268}.Debug|Any CPU.ActiveCfg = Debug|Win32
		{C0BD96C8-E0AA-4521-8F58-E8512266E268}.Debug|Mixed Platforms.ActiveCfg = Debug|Win32
		{C0BD96C8-E0AA-4521-8F58-E8512266E268}.Debug|Mixed Platforms.Build.0 = Debug|Win32
		{C0BD96C8-E0AA-4521-8F58-E8512266E268}.Debug|Win32.ActiveCfg = Debug|Win32
		{C0BD96C8-E0AA-4521-8F58-E8512266E268}.Debug|Win32.Build.0 = Debug|Win32
		{C0BD96C8-E0AA-4521-8F58-E8512266E268}.Release|Any CPU.ActiveCfg = Release|Win32
		{C0BD96C8-E0AA-4521-8F58-E8512266E268}.Release|Mixed Platforms.ActiveCfg = Release|Win32
		{C0BD96C8-E0AA-4521-8F58-E8512266E268}.Release|Mixed Platforms.Build.0 = Release|Win32
		{C0BD96C8-E0AA-4521-8F58-E8512266E268}.Release|Win32.ActiveCfg = Release|Win32
		{C0BD96C8-E0AA-4521-8F58-E8512266E268}.Release|Win32.Build.0 = Release|Win32
		{7F52032D-5031-4BD8-A52C-0A1D1B64647E}.Debug|Any CPU.ActiveCfg = Debug|Any CPU
		{7F52032D-5031-4BD8-A52C-0A1D1B64647E}.Debug|Any CPU.Build.0 = Debug|Any CPU
		{7F52032D-5031-4BD8-A52C-0A1D1B64647E}.Debug|Mixed Platforms.ActiveCfg = Debug|Any CPU
		{7F52032D-5031-4BD8-A52C-0A1D1B64647E}.Debug|Mixed Platforms.Build.0 = Debug|Any CPU
		{7F52032D-5031-4BD8-A52C-0A1D1B64647E}.Debug|Win32.ActiveCfg = Debug|Any CPU
		{7F52032D-5031-4BD8-A52C-0A1D1B64647E}.Release|Any CPU.ActiveCfg = Release|Any CPU
		{7F52032D-5031-4BD8-A52C-0A1D1B64647E}.Release|Any CPU.Build.0 = Release|Any CPU
		{7F52032D-5031-4BD8-A52C-0A1D1B64647E}.Release|Mixed Platforms.ActiveCfg = Release|Any CPU
		{7F52032D-5031-4BD8-A52C-0A1D1B64647E}.Release|Mixed Platforms.Build.0 = Release|Any CPU
		{7F52032D-5031-4BD8-A52C-0A1D1B64647E}.Release|Win32.ActiveCfg = Release|Any CPU
		{7A95DCFC-C2E2-4747-A7E4-76CE6A1FD719}.Debug|Any CPU.ActiveCfg = Debug|Win32
		{7A95DCFC-C2E2-4747-A7E4-76CE6A1FD719}.Debug|Mixed Platforms.ActiveCfg = Debug|Win32
		{7A95DCFC-C2E2-4747-A7E4-76CE6A1FD719}.Debug|Mixed Platforms.Build.0 = Debug|Win32
		{7A95DCFC-C2E2-4747-A7E4-76CE6A1FD719}.Debug|Win32.ActiveCfg = Debug|Win32
		{7A95DCFC-C2E2-4747-A7E4-76CE6A1FD719}.Debug|Win32.Build.0 = Debug|Win32
		{7A95DCFC-C2E2-4747-A7E4-76CE6A1FD719}.Release|Any CPU.ActiveCfg = Release|Win32
		{7A95DCFC-C2E2-4747-A7E4-76CE6A1FD719}.Release|Mixed Platforms.ActiveCfg = Release|Win32
		{7A95DCFC-C2E2-4747-A7E4-76CE6A1FD719}.Release|Win32.ActiveCfg = Release|Win32
		{7A95DCFC-C2E2-4747-A7E4-76CE6A1FD719}.Release|Win32.Build.0 = Release|Win32
		{497B78A8-5A26-4837-BFFE-65D95E1B14C2}.Debug|Any CPU.ActiveCfg = Debug|Win32
		{497B78A8-5A26-4837-BFFE-65D95E1B14C2}.Debug|Mixed Platforms.ActiveCfg = Debug|Win32
		{497B78A8-5A26-4837-BFFE-65D95E1B14C2}.Debug|Mixed Platforms.Build.0 = Debug|Win32
		{497B78A8-5A26-4837-BFFE-65D95E1B14C2}.Debug|Win32.ActiveCfg = Debug|Win32
		{497B78A8-5A26-4837-BFFE-65D95E1B14C2}.Debug|Win32.Build.0 = Debug|Win32
		{497B78A8-5A26-4837-BFFE-65D95E1B14C2}.Release|Any CPU.ActiveCfg = Release|Win32
		{497B78A8-5A26-4837-BFFE-65D95E1B14C2}.Release|Mixed Platforms.ActiveCfg = Release|Win32
		{497B78A8-5A26-4837-BFFE-65D95E1B14C2}.Release|Mixed Platforms.Build.0 = Release|Win32
		{497B78A8-5A26-4837-BFFE-65D95E1B14C2}.Release|Win32.ActiveCfg = Release|Win32
		{497B78A8-5A26-4837-BFFE-65D95E1B14C2}.Release|Win32.Build.0 = Release|Win32
	EndGlobalSection
	GlobalSection(SolutionProperties) = preSolution
		HideSolutionNode = FALSE
	EndGlobalSection
EndGlobal
